{
  "name": "abap-log-exporter",
  "version": "0.0.1",
  "lockfileVersion": 1,
  "requires": true,
  "dependencies": {
    "@abaplint/cli": {
      "version": "2.58.26",
      "resolved": "https://registry.npmjs.org/@abaplint/cli/-/cli-2.58.26.tgz",
      "integrity": "sha512-TL8pWQn4nYEIPMPWDuB3VvkCyaewQcREo+kxlxCpg1rnsPtOAp7P08TC6tcAI//ptCRQIjcsoZ8Ic+jaw/NX6g==",
      "dev": true
    }
  }
}
