{
  "name": "abap-log-exporter",
  "version": "0.0.1",
  "lockfileVersion": 1,
  "requires": true,
  "dependencies": {
    "@abaplint/cli": {
      "version": "2.57.8",
      "resolved": "https://registry.npmjs.org/@abaplint/cli/-/cli-2.57.8.tgz",
      "integrity": "sha512-UHWNzI3z7AvqH1t2VkUqqCzxTQCthH3sI0nLK82dSCFiSiquxrU3XqCcPeJfkHdz8ErbodTGGwR6nXltxd2sWQ==",
      "dev": true
    }
  }
}
