{
  "name": "abap-log-exporter",
  "version": "0.0.1",
  "lockfileVersion": 1,
  "requires": true,
  "dependencies": {
    "@abaplint/cli": {
      "version": "2.57.6",
      "resolved": "https://registry.npmjs.org/@abaplint/cli/-/cli-2.57.6.tgz",
      "integrity": "sha512-uIV2Z/iJTjXT94PqL5pu2iSsohDVXR3YNtZWd7b1wX5aguCO0cBke3fInBlVQ5+ytFs85lj2wgnxzJJNea73/A==",
      "dev": true
    }
  }
}
